// !$*UTF8*$!
{
	archiveVersion = 1;
	classes = {
	};
	objectVersion = 56;
	objects = {

/* Begin PBXBuildFile section */
		B44E43F029F2A12600C467CF /* AlertModel.swift in Sources */ = {isa = PBXBuildFile; fileRef = B44E43EF29F2A12600C467CF /* AlertModel.swift */; };
		B47E2C4529EE264C00787AFB /* PlacesVC.swift in Sources */ = {isa = PBXBuildFile; fileRef = B47E2C4429EE264C00787AFB /* PlacesVC.swift */; };
		B4AE34A329EF92B30076899A /* PlaceModel.swift in Sources */ = {isa = PBXBuildFile; fileRef = B4AE34A229EF92B30076899A /* PlaceModel.swift */; };
		B4CC6C4929EC278F00C22BED /* AppDelegate.swift in Sources */ = {isa = PBXBuildFile; fileRef = B4CC6C4829EC278F00C22BED /* AppDelegate.swift */; };
		B4CC6C4B29EC278F00C22BED /* SceneDelegate.swift in Sources */ = {isa = PBXBuildFile; fileRef = B4CC6C4A29EC278F00C22BED /* SceneDelegate.swift */; };
		B4CC6C4D29EC278F00C22BED /* SignUpVC.swift in Sources */ = {isa = PBXBuildFile; fileRef = B4CC6C4C29EC278F00C22BED /* SignUpVC.swift */; };
		B4CC6C5029EC278F00C22BED /* Main.storyboard in Resources */ = {isa = PBXBuildFile; fileRef = B4CC6C4E29EC278F00C22BED /* Main.storyboard */; };
		B4CC6C5229EC279100C22BED /* Assets.xcassets in Resources */ = {isa = PBXBuildFile; fileRef = B4CC6C5129EC279100C22BED /* Assets.xcassets */; };
		B4CC6C5529EC279100C22BED /* LaunchScreen.storyboard in Resources */ = {isa = PBXBuildFile; fileRef = B4CC6C5329EC279100C22BED /* LaunchScreen.storyboard */; };
		B4DA8CBC29EEB61000FA89A0 /* AddPlaceVC.swift in Sources */ = {isa = PBXBuildFile; fileRef = B4DA8CBB29EEB61000FA89A0 /* AddPlaceVC.swift */; };
		B4DA8CBE29EEB91F00FA89A0 /* MapVC.swift in Sources */ = {isa = PBXBuildFile; fileRef = B4DA8CBD29EEB91F00FA89A0 /* MapVC.swift */; };
		B4DA8CC229EEBCF000FA89A0 /* DetailsVC.swift in Sources */ = {isa = PBXBuildFile; fileRef = B4DA8CC129EEBCF000FA89A0 /* DetailsVC.swift */; };
		CEFFB77171484B0D1C1CD6C4 /* Pods_FoursquareClone.framework in Frameworks */ = {isa = PBXBuildFile; fileRef = 30A70C2F76BE71FEFABBE9AC /* Pods_FoursquareClone.framework */; };
/* End PBXBuildFile section */

/* Begin PBXFileReference section */
		06BCC033917875C4266A637F /* Pods-FoursquareClone.debug.xcconfig */ = {isa = PBXFileReference; includeInIndex = 1; lastKnownFileType = text.xcconfig; name = "Pods-FoursquareClone.debug.xcconfig"; path = "Target Support Files/Pods-FoursquareClone/Pods-FoursquareClone.debug.xcconfig"; sourceTree = "<group>"; };
		30A70C2F76BE71FEFABBE9AC /* Pods_FoursquareClone.framework */ = {isa = PBXFileReference; explicitFileType = wrapper.framework; includeInIndex = 0; path = Pods_FoursquareClone.framework; sourceTree = BUILT_PRODUCTS_DIR; };
		70C4B1607B3634E8E47E74D6 /* Pods-FoursquareClone.release.xcconfig */ = {isa = PBXFileReference; includeInIndex = 1; lastKnownFileType = text.xcconfig; name = "Pods-FoursquareClone.release.xcconfig"; path = "Target Support Files/Pods-FoursquareClone/Pods-FoursquareClone.release.xcconfig"; sourceTree = "<group>"; };
		B44E43EF29F2A12600C467CF /* AlertModel.swift */ = {isa = PBXFileReference; lastKnownFileType = sourcecode.swift; path = AlertModel.swift; sourceTree = "<group>"; };
		B47E2C4429EE264C00787AFB /* PlacesVC.swift */ = {isa = PBXFileReference; lastKnownFileType = sourcecode.swift; path = PlacesVC.swift; sourceTree = "<group>"; };
		B4AE34A229EF92B30076899A /* PlaceModel.swift */ = {isa = PBXFileReference; lastKnownFileType = sourcecode.swift; path = PlaceModel.swift; sourceTree = "<group>"; };
		B4CC6C4529EC278F00C22BED /* FoursquareClone.app */ = {isa = PBXFileReference; explicitFileType = wrapper.application; includeInIndex = 0; path = FoursquareClone.app; sourceTree = BUILT_PRODUCTS_DIR; };
		B4CC6C4829EC278F00C22BED /* AppDelegate.swift */ = {isa = PBXFileReference; lastKnownFileType = sourcecode.swift; path = AppDelegate.swift; sourceTree = "<group>"; };
		B4CC6C4A29EC278F00C22BED /* SceneDelegate.swift */ = {isa = PBXFileReference; lastKnownFileType = sourcecode.swift; path = SceneDelegate.swift; sourceTree = "<group>"; };
		B4CC6C4C29EC278F00C22BED /* SignUpVC.swift */ = {isa = PBXFileReference; lastKnownFileType = sourcecode.swift; path = SignUpVC.swift; sourceTree = "<group>"; };
		B4CC6C4F29EC278F00C22BED /* Base */ = {isa = PBXFileReference; lastKnownFileType = file.storyboard; name = Base; path = Base.lproj/Main.storyboard; sourceTree = "<group>"; };
		B4CC6C5129EC279100C22BED /* Assets.xcassets */ = {isa = PBXFileReference; lastKnownFileType = folder.assetcatalog; path = Assets.xcassets; sourceTree = "<group>"; };
		B4CC6C5429EC279100C22BED /* Base */ = {isa = PBXFileReference; lastKnownFileType = file.storyboard; name = Base; path = Base.lproj/LaunchScreen.storyboard; sourceTree = "<group>"; };
		B4CC6C5629EC279100C22BED /* Info.plist */ = {isa = PBXFileReference; lastKnownFileType = text.plist.xml; path = Info.plist; sourceTree = "<group>"; };
		B4DA8CBB29EEB61000FA89A0 /* AddPlaceVC.swift */ = {isa = PBXFileReference; lastKnownFileType = sourcecode.swift; path = AddPlaceVC.swift; sourceTree = "<group>"; };
		B4DA8CBD29EEB91F00FA89A0 /* MapVC.swift */ = {isa = PBXFileReference; lastKnownFileType = sourcecode.swift; path = MapVC.swift; sourceTree = "<group>"; };
		B4DA8CC129EEBCF000FA89A0 /* DetailsVC.swift */ = {isa = PBXFileReference; lastKnownFileType = sourcecode.swift; path = DetailsVC.swift; sourceTree = "<group>"; };
/* End PBXFileReference section */

/* Begin PBXFrameworksBuildPhase section */
		B4CC6C4229EC278F00C22BED /* Frameworks */ = {
			isa = PBXFrameworksBuildPhase;
			buildActionMask = 2147483647;
			files = (
				CEFFB77171484B0D1C1CD6C4 /* Pods_FoursquareClone.framework in Frameworks */,
			);
			runOnlyForDeploymentPostprocessing = 0;
		};
/* End PBXFrameworksBuildPhase section */

/* Begin PBXGroup section */
		3BC2CA29FF7F44A23647AEFA /* Pods */ = {
			isa = PBXGroup;
			children = (
				06BCC033917875C4266A637F /* Pods-FoursquareClone.debug.xcconfig */,
				70C4B1607B3634E8E47E74D6 /* Pods-FoursquareClone.release.xcconfig */,
			);
			path = Pods;
			sourceTree = "<group>";
		};
		43B18FF73BBC24942FF2E193 /* Frameworks */ = {
			isa = PBXGroup;
			children = (
				30A70C2F76BE71FEFABBE9AC /* Pods_FoursquareClone.framework */,
			);
			name = Frameworks;
			sourceTree = "<group>";
		};
		B4CC6C3C29EC278F00C22BED = {
			isa = PBXGroup;
			children = (
				B4CC6C4729EC278F00C22BED /* FoursquareClone */,
				B4CC6C4629EC278F00C22BED /* Products */,
				3BC2CA29FF7F44A23647AEFA /* Pods */,
				43B18FF73BBC24942FF2E193 /* Frameworks */,
			);
			sourceTree = "<group>";
		};
		B4CC6C4629EC278F00C22BED /* Products */ = {
			isa = PBXGroup;
			children = (
				B4CC6C4529EC278F00C22BED /* FoursquareClone.app */,
			);
			name = Products;
			sourceTree = "<group>";
		};
		B4CC6C4729EC278F00C22BED /* FoursquareClone */ = {
			isa = PBXGroup;
			children = (
				B4CC6C4829EC278F00C22BED /* AppDelegate.swift */,
				B4CC6C4C29EC278F00C22BED /* SignUpVC.swift */,
				B47E2C4429EE264C00787AFB /* PlacesVC.swift */,
				B4CC6C4A29EC278F00C22BED /* SceneDelegate.swift */,
				B4DA8CBB29EEB61000FA89A0 /* AddPlaceVC.swift */,
				B4DA8CBD29EEB91F00FA89A0 /* MapVC.swift */,
				B4DA8CC129EEBCF000FA89A0 /* DetailsVC.swift */,
				B4AE34A229EF92B30076899A /* PlaceModel.swift */,
				B44E43EF29F2A12600C467CF /* AlertModel.swift */,
				B4CC6C4E29EC278F00C22BED /* Main.storyboard */,
				B4CC6C5129EC279100C22BED /* Assets.xcassets */,
				B4CC6C5329EC279100C22BED /* LaunchScreen.storyboard */,
				B4CC6C5629EC279100C22BED /* Info.plist */,
			);
			path = FoursquareClone;
			sourceTree = "<group>";
		};
/* End PBXGroup section */

/* Begin PBXNativeTarget section */
		B4CC6C4429EC278F00C22BED /* FoursquareClone */ = {
			isa = PBXNativeTarget;
			buildConfigurationList = B4CC6C5929EC279100C22BED /* Build configuration list for PBXNativeTarget "FoursquareClone" */;
			buildPhases = (
				3E589AA8A390EE90AC6B67C5 /* [CP] Check Pods Manifest.lock */,
				B4CC6C4129EC278F00C22BED /* Sources */,
				B4CC6C4229EC278F00C22BED /* Frameworks */,
				B4CC6C4329EC278F00C22BED /* Resources */,
				1BB484724E900DC6F4AE5F94 /* [CP] Embed Pods Frameworks */,
			);
			buildRules = (
			);
			dependencies = (
			);
			name = FoursquareClone;
			productName = FoursquareClone;
			productReference = B4CC6C4529EC278F00C22BED /* FoursquareClone.app */;
			productType = "com.apple.product-type.application";
		};
/* End PBXNativeTarget section */

/* Begin PBXProject section */
		B4CC6C3D29EC278F00C22BED /* Project object */ = {
			isa = PBXProject;
			attributes = {
				BuildIndependentTargetsInParallel = 1;
				LastSwiftUpdateCheck = 1420;
				LastUpgradeCheck = 1420;
				TargetAttributes = {
					B4CC6C4429EC278F00C22BED = {
						CreatedOnToolsVersion = 14.2;
					};
				};
			};
			buildConfigurationList = B4CC6C4029EC278F00C22BED /* Build configuration list for PBXProject "FoursquareClone" */;
			compatibilityVersion = "Xcode 14.0";
			developmentRegion = en;
			hasScannedForEncodings = 0;
			knownRegions = (
				en,
				Base,
			);
			mainGroup = B4CC6C3C29EC278F00C22BED;
			productRefGroup = B4CC6C4629EC278F00C22BED /* Products */;
			projectDirPath = "";
			projectRoot = "";
			targets = (
				B4CC6C4429EC278F00C22BED /* FoursquareClone */,
			);
		};
/* End PBXProject section */

/* Begin PBXResourcesBuildPhase section */
		B4CC6C4329EC278F00C22BED /* Resources */ = {
			isa = PBXResourcesBuildPhase;
			buildActionMask = 2147483647;
			files = (
				B4CC6C5529EC279100C22BED /* LaunchScreen.storyboard in Resources */,
				B4CC6C5229EC279100C22BED /* Assets.xcassets in Resources */,
				B4CC6C5029EC278F00C22BED /* Main.storyboard in Resources */,
			);
			runOnlyForDeploymentPostprocessing = 0;
		};
/* End PBXResourcesBuildPhase section */

/* Begin PBXShellScriptBuildPhase section */
		1BB484724E900DC6F4AE5F94 /* [CP] Embed Pods Frameworks */ = {
			isa = PBXShellScriptBuildPhase;
			buildActionMask = 2147483647;
			files = (
			);
			inputFileListPaths = (
				"${PODS_ROOT}/Target Support Files/Pods-FoursquareClone/Pods-FoursquareClone-frameworks-${CONFIGURATION}-input-files.xcfilelist",
			);
			name = "[CP] Embed Pods Frameworks";
			outputFileListPaths = (
				"${PODS_ROOT}/Target Support Files/Pods-FoursquareClone/Pods-FoursquareClone-frameworks-${CONFIGURATION}-output-files.xcfilelist",
			);
			runOnlyForDeploymentPostprocessing = 0;
			shellPath = /bin/sh;
			shellScript = "\"${PODS_ROOT}/Target Support Files/Pods-FoursquareClone/Pods-FoursquareClone-frameworks.sh\"\n";
			showEnvVarsInLog = 0;
		};
		3E589AA8A390EE90AC6B67C5 /* [CP] Check Pods Manifest.lock */ = {
			isa = PBXShellScriptBuildPhase;
			buildActionMask = 2147483647;
			files = (
			);
			inputFileListPaths = (
			);
			inputPaths = (
				"${PODS_PODFILE_DIR_PATH}/Podfile.lock",
				"${PODS_ROOT}/Manifest.lock",
			);
			name = "[CP] Check Pods Manifest.lock";
			outputFileListPaths = (
			);
			outputPaths = (
				"$(DERIVED_FILE_DIR)/Pods-FoursquareClone-checkManifestLockResult.txt",
			);
			runOnlyForDeploymentPostprocessing = 0;
			shellPath = /bin/sh;
			shellScript = "diff \"${PODS_PODFILE_DIR_PATH}/Podfile.lock\" \"${PODS_ROOT}/Manifest.lock\" > /dev/null\nif [ $? != 0 ] ; then\n    # print error to STDERR\n    echo \"error: The sandbox is not in sync with the Podfile.lock. Run 'pod install' or update your CocoaPods installation.\" >&2\n    exit 1\nfi\n# This output is used by Xcode 'outputs' to avoid re-running this script phase.\necho \"SUCCESS\" > \"${SCRIPT_OUTPUT_FILE_0}\"\n";
			showEnvVarsInLog = 0;
		};
/* End PBXShellScriptBuildPhase section */

/* Begin PBXSourcesBuildPhase section */
		B4CC6C4129EC278F00C22BED /* Sources */ = {
			isa = PBXSourcesBuildPhase;
			buildActionMask = 2147483647;
			files = (
				B4CC6C4D29EC278F00C22BED /* SignUpVC.swift in Sources */,
				B4AE34A329EF92B30076899A /* PlaceModel.swift in Sources */,
				B4DA8CBE29EEB91F00FA89A0 /* MapVC.swift in Sources */,
				B4CC6C4929EC278F00C22BED /* AppDelegate.swift in Sources */,
				B47E2C4529EE264C00787AFB /* PlacesVC.swift in Sources */,
				B4DA8CC229EEBCF000FA89A0 /* DetailsVC.swift in Sources */,
				B4DA8CBC29EEB61000FA89A0 /* AddPlaceVC.swift in Sources */,
				B44E43F029F2A12600C467CF /* AlertModel.swift in Sources */,
				B4CC6C4B29EC278F00C22BED /* SceneDelegate.swift in Sources */,
			);
			runOnlyForDeploymentPostprocessing = 0;
		};
/* End PBXSourcesBuildPhase section */

/* Begin PBXVariantGroup section */
		B4CC6C4E29EC278F00C22BED /* Main.storyboard */ = {
			isa = PBXVariantGroup;
			children = (
				B4CC6C4F29EC278F00C22BED /* Base */,
			);
			name = Main.storyboard;
			sourceTree = "<group>";
		};
		B4CC6C5329EC279100C22BED /* LaunchScreen.storyboard */ = {
			isa = PBXVariantGroup;
			children = (
				B4CC6C5429EC279100C22BED /* Base */,
			);
			name = LaunchScreen.storyboard;
			sourceTree = "<group>";
		};
/* End PBXVariantGroup section */

/* Begin XCBuildConfiguration section */
		B4CC6C5729EC279100C22BED /* Debug */ = {
			isa = XCBuildConfiguration;
			buildSettings = {
				ALWAYS_SEARCH_USER_PATHS = NO;
				CLANG_ANALYZER_NONNULL = YES;
				CLANG_ANALYZER_NUMBER_OBJECT_CONVERSION = YES_AGGRESSIVE;
				CLANG_CXX_LANGUAGE_STANDARD = "gnu++20";
				CLANG_ENABLE_MODULES = YES;
				CLANG_ENABLE_OBJC_ARC = YES;
				CLANG_ENABLE_OBJC_WEAK = YES;
				CLANG_WARN_BLOCK_CAPTURE_AUTORELEASING = YES;
				CLANG_WARN_BOOL_CONVERSION = YES;
				CLANG_WARN_COMMA = YES;
				CLANG_WARN_CONSTANT_CONVERSION = YES;
				CLANG_WARN_DEPRECATED_OBJC_IMPLEMENTATIONS = YES;
				CLANG_WARN_DIRECT_OBJC_ISA_USAGE = YES_ERROR;
				CLANG_WARN_DOCUMENTATION_COMMENTS = YES;
				CLANG_WARN_EMPTY_BODY = YES;
				CLANG_WARN_ENUM_CONVERSION = YES;
				CLANG_WARN_INFINITE_RECURSION = YES;
				CLANG_WARN_INT_CONVERSION = YES;
				CLANG_WARN_NON_LITERAL_NULL_CONVERSION = YES;
				CLANG_WARN_OBJC_IMPLICIT_RETAIN_SELF = YES;
				CLANG_WARN_OBJC_LITERAL_CONVERSION = YES;
				CLANG_WARN_OBJC_ROOT_CLASS = YES_ERROR;
				CLANG_WARN_QUOTED_INCLUDE_IN_FRAMEWORK_HEADER = YES;
				CLANG_WARN_RANGE_LOOP_ANALYSIS = YES;
				CLANG_WARN_STRICT_PROTOTYPES = YES;
				CLANG_WARN_SUSPICIOUS_MOVE = YES;
				CLANG_WARN_UNGUARDED_AVAILABILITY = YES_AGGRESSIVE;
				CLANG_WARN_UNREACHABLE_CODE = YES;
				CLANG_WARN__DUPLICATE_METHOD_MATCH = YES;
				COPY_PHASE_STRIP = NO;
				DEBUG_INFORMATION_FORMAT = dwarf;
				ENABLE_STRICT_OBJC_MSGSEND = YES;
				ENABLE_TESTABILITY = YES;
				GCC_C_LANGUAGE_STANDARD = gnu11;
				GCC_DYNAMIC_NO_PIC = NO;
				GCC_NO_COMMON_BLOCKS = YES;
				GCC_OPTIMIZATION_LEVEL = 0;
				GCC_PREPROCESSOR_DEFINITIONS = (
					"DEBUG=1",
					"$(inherited)",
				);
				GCC_WARN_64_TO_32_BIT_CONVERSION = YES;
				GCC_WARN_ABOUT_RETURN_TYPE = YES_ERROR;
				GCC_WARN_UNDECLARED_SELECTOR = YES;
				GCC_WARN_UNINITIALIZED_AUTOS = YES_AGGRESSIVE;
				GCC_WARN_UNUSED_FUNCTION = YES;
				GCC_WARN_UNUSED_VARIABLE = YES;
				IPHONEOS_DEPLOYMENT_TARGET = 16.2;
				MTL_ENABLE_DEBUG_INFO = INCLUDE_SOURCE;
				MTL_FAST_MATH = YES;
				ONLY_ACTIVE_ARCH = YES;
				SDKROOT = iphoneos;
				SWIFT_ACTIVE_COMPILATION_CONDITIONS = DEBUG;
				SWIFT_OPTIMIZATION_LEVEL = "-Onone";
			};
			name = Debug;
		};
		B4CC6C5829EC279100C22BED /* Release */ = {
			isa = XCBuildConfiguration;
			buildSettings = {
				ALWAYS_SEARCH_USER_PATHS = NO;
				CLANG_ANALYZER_NONNULL = YES;
				CLANG_ANALYZER_NUMBER_OBJECT_CONVERSION = YES_AGGRESSIVE;
				CLANG_CXX_LANGUAGE_STANDARD = "gnu++20";
				CLANG_ENABLE_MODULES = YES;
				CLANG_ENABLE_OBJC_ARC = YES;
				CLANG_ENABLE_OBJC_WEAK = YES;
				CLANG_WARN_BLOCK_CAPTURE_AUTORELEASING = YES;
				CLANG_WARN_BOOL_CONVERSION = YES;
				CLANG_WARN_COMMA = YES;
				CLANG_WARN_CONSTANT_CONVERSION = YES;
				CLANG_WARN_DEPRECATED_OBJC_IMPLEMENTATIONS = YES;
				CLANG_WARN_DIRECT_OBJC_ISA_USAGE = YES_ERROR;
				CLANG_WARN_DOCUMENTATION_COMMENTS = YES;
				CLANG_WARN_EMPTY_BODY = YES;
				CLANG_WARN_ENUM_CONVERSION = YES;
				CLANG_WARN_INFINITE_RECURSION = YES;
				CLANG_WARN_INT_CONVERSION = YES;
				CLANG_WARN_NON_LITERAL_NULL_CONVERSION = YES;
				CLANG_WARN_OBJC_IMPLICIT_RETAIN_SELF = YES;
				CLANG_WARN_OBJC_LITERAL_CONVERSION = YES;
				CLANG_WARN_OBJC_ROOT_CLASS = YES_ERROR;
				CLANG_WARN_QUOTED_INCLUDE_IN_FRAMEWORK_HEADER = YES;
				CLANG_WARN_RANGE_LOOP_ANALYSIS = YES;
				CLANG_WARN_STRICT_PROTOTYPES = YES;
				CLANG_WARN_SUSPICIOUS_MOVE = YES;
				CLANG_WARN_UNGUARDED_AVAILABILITY = YES_AGGRESSIVE;
				CLANG_WARN_UNREACHABLE_CODE = YES;
				CLANG_WARN__DUPLICATE_METHOD_MATCH = YES;
				COPY_PHASE_STRIP = NO;
				DEBUG_INFORMATION_FORMAT = "dwarf-with-dsym";
				ENABLE_NS_ASSERTIONS = NO;
				ENABLE_STRICT_OBJC_MSGSEND = YES;
				GCC_C_LANGUAGE_STANDARD = gnu11;
				GCC_NO_COMMON_BLOCKS = YES;
				GCC_WARN_64_TO_32_BIT_CONVERSION = YES;
				GCC_WARN_ABOUT_RETURN_TYPE = YES_ERROR;
				GCC_WARN_UNDECLARED_SELECTOR = YES;
				GCC_WARN_UNINITIALIZED_AUTOS = YES_AGGRESSIVE;
				GCC_WARN_UNUSED_FUNCTION = YES;
				GCC_WARN_UNUSED_VARIABLE = YES;
				IPHONEOS_DEPLOYMENT_TARGET = 16.2;
				MTL_ENABLE_DEBUG_INFO = NO;
				MTL_FAST_MATH = YES;
				SDKROOT = iphoneos;
				SWIFT_COMPILATION_MODE = wholemodule;
				SWIFT_OPTIMIZATION_LEVEL = "-O";
				VALIDATE_PRODUCT = YES;
			};
			name = Release;
		};
		B4CC6C5A29EC279100C22BED /* Debug */ = {
			isa = XCBuildConfiguration;
			baseConfigurationReference = 06BCC033917875C4266A637F /* Pods-FoursquareClone.debug.xcconfig */;
			buildSettings = {
				ASSETCATALOG_COMPILER_APPICON_NAME = AppIcon;
				ASSETCATALOG_COMPILER_GLOBAL_ACCENT_COLOR_NAME = AccentColor;
				CODE_SIGN_STYLE = Automatic;
				CURRENT_PROJECT_VERSION = 1;
				DEVELOPMENT_TEAM = X84U2MV584;
				GENERATE_INFOPLIST_FILE = YES;
				INFOPLIST_FILE = FoursquareClone/Info.plist;
				INFOPLIST_KEY_UIApplicationSupportsIndirectInputEvents = YES;
				INFOPLIST_KEY_UILaunchStoryboardName = LaunchScreen;
				INFOPLIST_KEY_UIMainStoryboardFile = Main;
				INFOPLIST_KEY_UISupportedInterfaceOrientations_iPad = "UIInterfaceOrientationPortrait UIInterfaceOrientationPortraitUpsideDown UIInterfaceOrientationLandscapeLeft UIInterfaceOrientationLandscapeRight";
				INFOPLIST_KEY_UISupportedInterfaceOrientations_iPhone = "UIInterfaceOrientationPortrait UIInterfaceOrientationLandscapeLeft UIInterfaceOrientationLandscapeRight";
				LD_RUNPATH_SEARCH_PATHS = (
					"$(inherited)",
					"@executable_path/Frameworks",
				);
				MARKETING_VERSION = 1.0;
				PRODUCT_BUNDLE_IDENTIFIER = com.italostuardo.FoursquareClone;
				PRODUCT_NAME = "$(TARGET_NAME)";
				SWIFT_EMIT_LOC_STRINGS = YES;
				SWIFT_VERSION = 5.0;
				TARGETED_DEVICE_FAMILY = "1,2";
			};
			name = Debug;
		};
		B4CC6C5B29EC279100C22BED /* Release */ = {
			isa = XCBuildConfiguration;
			baseConfigurationReference = 70C4B1607B3634E8E47E74D6 /* Pods-FoursquareClone.release.xcconfig */;
			buildSettings = {
				ASSETCATALOG_COMPILER_APPICON_NAME = AppIcon;
				ASSETCATALOG_COMPILER_GLOBAL_ACCENT_COLOR_NAME = AccentColor;
				CODE_SIGN_STYLE = Automatic;
				CURRENT_PROJECT_VERSION = 1;
				DEVELOPMENT_TEAM = X84U2MV584;
				GENERATE_INFOPLIST_FILE = YES;
				INFOPLIST_FILE = FoursquareClone/Info.plist;
				INFOPLIST_KEY_UIApplicationSupportsIndirectInputEvents = YES;
				INFOPLIST_KEY_UILaunchStoryboardName = LaunchScreen;
				INFOPLIST_KEY_UIMainStoryboardFile = Main;
				INFOPLIST_KEY_UISupportedInterfaceOrientations_iPad = "UIInterfaceOrientationPortrait UIInterfaceOrientationPortraitUpsideDown UIInterfaceOrientationLandscapeLeft UIInterfaceOrientationLandscapeRight";
				INFOPLIST_KEY_UISupportedInterfaceOrientations_iPhone = "UIInterfaceOrientationPortrait UIInterfaceOrientationLandscapeLeft UIInterfaceOrientationLandscapeRight";
				LD_RUNPATH_SEARCH_PATHS = (
					"$(inherited)",
					"@executable_path/Frameworks",
				);
				MARKETING_VERSION = 1.0;
				PRODUCT_BUNDLE_IDENTIFIER = com.italostuardo.FoursquareClone;
				PRODUCT_NAME = "$(TARGET_NAME)";
				SWIFT_EMIT_LOC_STRINGS = YES;
				SWIFT_VERSION = 5.0;
				TARGETED_DEVICE_FAMILY = "1,2";
			};
			name = Release;
		};
/* End XCBuildConfiguration section */

/* Begin XCConfigurationList section */
		B4CC6C4029EC278F00C22BED /* Build configuration list for PBXProject "FoursquareClone" */ = {
			isa = XCConfigurationList;
			buildConfigurations = (
				B4CC6C5729EC279100C22BED /* Debug */,
				B4CC6C5829EC279100C22BED /* Release */,
			);
			defaultConfigurationIsVisible = 0;
			defaultConfigurationName = Release;
		};
		B4CC6C5929EC279100C22BED /* Build configuration list for PBXNativeTarget "FoursquareClone" */ = {
			isa = XCConfigurationList;
			buildConfigurations = (
				B4CC6C5A29EC279100C22BED /* Debug */,
				B4CC6C5B29EC279100C22BED /* Release */,
			);
			defaultConfigurationIsVisible = 0;
			defaultConfigurationName = Release;
		};
/* End XCConfigurationList section */
	};
	rootObject = B4CC6C3D29EC278F00C22BED /* Project object */;
}
